
Microsoft Visual Studio Solution File, Format Version 12.00
# Visual Studio 15
VisualStudioVersion = 15.0.26430.4
MinimumVisualStudioVersion = 10.0.40219.1
Project("{FAE04EC0-301F-11D3-BF4B-00C04F79EFBC}") = "BackgroundWorkerService.Logic", "BackgroundWorkerService.Logic\BackgroundWorkerService.Logic.csproj", "{7444EF73-05EE-41AC-BCD2-410C74421CFC}"
EndProject
Project("{FAE04EC0-301F-11D3-BF4B-00C04F79EFBC}") = "BackgroundWorkerService.Service", "BackgroundWorkerService.Service\BackgroundWorkerService.Service.csproj", "{AD1ECEB1-83AB-446C-AC71-525F710B94A5}"
EndProject
Project("{FAE04EC0-301F-11D3-BF4B-00C04F79EFBC}") = "BackgroundWorkerService.Tests", "BackgroundWorkerService.Tests\BackgroundWorkerService.Tests.csproj", "{9EC5C2AD-74CD-44BD-A7B2-D2396312A338}"
EndProject
Project("{2150E333-8FDC-42A3-9474-1A3956D46DE8}") = "Solution Items", "Solution Items", "{964809C0-360A-434D-A4AD-BCB413923602}"
EndProject
Project("{FAE04EC0-301F-11D3-BF4B-00C04F79EFBC}") = "BackgroundWorkerService.Jobs", "BackgroundWorkerService.Jobs\BackgroundWorkerService.Jobs.csproj", "{29714011-A3F5-4EC3-A036-D1C7EF62F97C}"
EndProject
Project("{FAE04EC0-301F-11D3-BF4B-00C04F79EFBC}") = "Demo.CallbackTestImpl", "Demo.CallbackTestImpl\Demo.CallbackTestImpl.csproj", "{31AB2928-34BE-441C-956D-E65B769B1B03}"
EndProject
Project("{FAE04EC0-301F-11D3-BF4B-00C04F79EFBC}") = "Demo.CreateJobs", "Demo.CreateJobs\Demo.CreateJobs.csproj", "{58BF740B-5F08-42A9-89E5-27111F2CB40D}"
EndProject
Project("{FAE04EC0-301F-11D3-BF4B-00C04F79EFBC}") = "BackgroundWorkerService.Web.UI", "BackgroundWorkerService.Web.UI\BackgroundWorkerService.Web.UI.csproj", "{723C8019-7DEF-4160-B787-E4795FB20947}"
EndProject
Global
	GlobalSection(SolutionConfigurationPlatforms) = preSolution
		Debug|Any CPU = Debug|Any CPU
		Debug|Mixed Platforms = Debug|Mixed Platforms
		Debug|x86 = Debug|x86
		Release|Any CPU = Release|Any CPU
		Release|Mixed Platforms = Release|Mixed Platforms
		Release|x86 = Release|x86
	EndGlobalSection
	GlobalSection(ProjectConfigurationPlatforms) = postSolution
		{7444EF73-05EE-41AC-BCD2-410C74421CFC}.Debug|Any CPU.ActiveCfg = Debug|Any CPU
		{7444EF73-05EE-41AC-BCD2-410C74421CFC}.Debug|Any CPU.Build.0 = Debug|Any CPU
		{7444EF73-05EE-41AC-BCD2-410C74421CFC}.Debug|Mixed Platforms.ActiveCfg = Debug|Any CPU
		{7444EF73-05EE-41AC-BCD2-410C74421CFC}.Debug|Mixed Platforms.Build.0 = Debug|Any CPU
		{7444EF73-05EE-41AC-BCD2-410C74421CFC}.Debug|x86.ActiveCfg = Debug|Any CPU
		{7444EF73-05EE-41AC-BCD2-410C74421CFC}.Debug|x86.Build.0 = Debug|Any CPU
		{7444EF73-05EE-41AC-BCD2-410C74421CFC}.Release|Any CPU.ActiveCfg = Release|Any CPU
		{7444EF73-05EE-41AC-BCD2-410C74421CFC}.Release|Any CPU.Build.0 = Release|Any CPU
		{7444EF73-05EE-41AC-BCD2-410C74421CFC}.Release|Mixed Platforms.ActiveCfg = Release|Any CPU
		{7444EF73-05EE-41AC-BCD2-410C74421CFC}.Release|Mixed Platforms.Build.0 = Release|Any CPU
		{7444EF73-05EE-41AC-BCD2-410C74421CFC}.Release|x86.ActiveCfg = Release|Any CPU
		{7444EF73-05EE-41AC-BCD2-410C74421CFC}.Release|x86.Build.0 = Release|Any CPU
		{AD1ECEB1-83AB-446C-AC71-525F710B94A5}.Debug|Any CPU.ActiveCfg = Debug|x86
		{AD1ECEB1-83AB-446C-AC71-525F710B94A5}.Debug|Any CPU.Build.0 = Debug|x86
		{AD1ECEB1-83AB-446C-AC71-525F710B94A5}.Debug|Mixed Platforms.ActiveCfg = Debug|x86
		{AD1ECEB1-83AB-446C-AC71-525F710B94A5}.Debug|Mixed Platforms.Build.0 = Debug|x86
		{AD1ECEB1-83AB-446C-AC71-525F710B94A5}.Debug|x86.ActiveCfg = Debug|x86
		{AD1ECEB1-83AB-446C-AC71-525F710B94A5}.Debug|x86.Build.0 = Debug|x86
		{AD1ECEB1-83AB-446C-AC71-525F710B94A5}.Release|Any CPU.ActiveCfg = Release|x86
		{AD1ECEB1-83AB-446C-AC71-525F710B94A5}.Release|Any CPU.Build.0 = Release|x86
		{AD1ECEB1-83AB-446C-AC71-525F710B94A5}.Release|Mixed Platforms.ActiveCfg = Release|x86
		{AD1ECEB1-83AB-446C-AC71-525F710B94A5}.Release|Mixed Platforms.Build.0 = Release|x86
		{AD1ECEB1-83AB-446C-AC71-525F710B94A5}.Release|x86.ActiveCfg = Release|x86
		{AD1ECEB1-83AB-446C-AC71-525F710B94A5}.Release|x86.Build.0 = Release|x86
		{9EC5C2AD-74CD-44BD-A7B2-D2396312A338}.Debug|Any CPU.ActiveCfg = Debug|Any CPU
		{9EC5C2AD-74CD-44BD-A7B2-D2396312A338}.Debug|Any CPU.Build.0 = Debug|Any CPU
		{9EC5C2AD-74CD-44BD-A7B2-D2396312A338}.Debug|Mixed Platforms.ActiveCfg = Debug|Any CPU
		{9EC5C2AD-74CD-44BD-A7B2-D2396312A338}.Debug|Mixed Platforms.Build.0 = Debug|Any CPU
		{9EC5C2AD-74CD-44BD-A7B2-D2396312A338}.Debug|x86.ActiveCfg = Debug|Any CPU
		{9EC5C2AD-74CD-44BD-A7B2-D2396312A338}.Debug|x86.Build.0 = Debug|Any CPU
		{9EC5C2AD-74CD-44BD-A7B2-D2396312A338}.Release|Any CPU.ActiveCfg = Release|Any CPU
		{9EC5C2AD-74CD-44BD-A7B2-D2396312A338}.Release|Any CPU.Build.0 = Release|Any CPU
		{9EC5C2AD-74CD-44BD-A7B2-D2396312A338}.Release|Mixed Platforms.ActiveCfg = Release|Any CPU
		{9EC5C2AD-74CD-44BD-A7B2-D2396312A338}.Release|Mixed Platforms.Build.0 = Release|Any CPU
		{9EC5C2AD-74CD-44BD-A7B2-D2396312A338}.Release|x86.ActiveCfg = Release|Any CPU
		{9EC5C2AD-74CD-44BD-A7B2-D2396312A338}.Release|x86.Build.0 = Release|Any CPU
		{29714011-A3F5-4EC3-A036-D1C7EF62F97C}.Debug|Any CPU.ActiveCfg = Debug|Any CPU
		{29714011-A3F5-4EC3-A036-D1C7EF62F97C}.Debug|Any CPU.Build.0 = Debug|Any CPU
		{29714011-A3F5-4EC3-A036-D1C7EF62F97C}.Debug|Mixed Platforms.ActiveCfg = Debug|Any CPU
		{29714011-A3F5-4EC3-A036-D1C7EF62F97C}.Debug|Mixed Platforms.Build.0 = Debug|Any CPU
		{29714011-A3F5-4EC3-A036-D1C7EF62F97C}.Debug|x86.ActiveCfg = Debug|Any CPU
		{29714011-A3F5-4EC3-A036-D1C7EF62F97C}.Debug|x86.Build.0 = Debug|Any CPU
		{29714011-A3F5-4EC3-A036-D1C7EF62F97C}.Release|Any CPU.ActiveCfg = Release|Any CPU
		{29714011-A3F5-4EC3-A036-D1C7EF62F97C}.Release|Any CPU.Build.0 = Release|Any CPU
		{29714011-A3F5-4EC3-A036-D1C7EF62F97C}.Release|Mixed Platforms.ActiveCfg = Release|Any CPU
		{29714011-A3F5-4EC3-A036-D1C7EF62F97C}.Release|Mixed Platforms.Build.0 = Release|Any CPU
		{29714011-A3F5-4EC3-A036-D1C7EF62F97C}.Release|x86.ActiveCfg = Release|Any CPU
		{29714011-A3F5-4EC3-A036-D1C7EF62F97C}.Release|x86.Build.0 = Release|Any CPU
		{31AB2928-34BE-441C-956D-E65B769B1B03}.Debug|Any CPU.ActiveCfg = Debug|Any CPU
		{31AB2928-34BE-441C-956D-E65B769B1B03}.Debug|Any CPU.Build.0 = Debug|Any CPU
		{31AB2928-34BE-441C-956D-E65B769B1B03}.Debug|Mixed Platforms.ActiveCfg = Debug|Any CPU
		{31AB2928-34BE-441C-956D-E65B769B1B03}.Debug|Mixed Platforms.Build.0 = Debug|Any CPU
		{31AB2928-34BE-441C-956D-E65B769B1B03}.Debug|x86.ActiveCfg = Debug|Any CPU
		{31AB2928-34BE-441C-956D-E65B769B1B03}.Debug|x86.Build.0 = Debug|Any CPU
		{31AB2928-34BE-441C-956D-E65B769B1B03}.Release|Any CPU.ActiveCfg = Release|Any CPU
		{31AB2928-34BE-441C-956D-E65B769B1B03}.Release|Any CPU.Build.0 = Release|Any CPU
		{31AB2928-34BE-441C-956D-E65B769B1B03}.Release|Mixed Platforms.ActiveCfg = Release|Any CPU
		{31AB2928-34BE-441C-956D-E65B769B1B03}.Release|Mixed Platforms.Build.0 = Release|Any CPU
		{31AB2928-34BE-441C-956D-E65B769B1B03}.Release|x86.ActiveCfg = Release|Any CPU
		{31AB2928-34BE-441C-956D-E65B769B1B03}.Release|x86.Build.0 = Release|Any CPU
		{58BF740B-5F08-42A9-89E5-27111F2CB40D}.Debug|Any CPU.ActiveCfg = Debug|x86
		{58BF740B-5F08-42A9-89E5-27111F2CB40D}.Debug|Mixed Platforms.ActiveCfg = Debug|x86
		{58BF740B-5F08-42A9-89E5-27111F2CB40D}.Debug|Mixed Platforms.Build.0 = Debug|x86
		{58BF740B-5F08-42A9-89E5-27111F2CB40D}.Debug|x86.ActiveCfg = Debug|x86
		{58BF740B-5F08-42A9-89E5-27111F2CB40D}.Debug|x86.Build.0 = Debug|x86
		{58BF740B-5F08-42A9-89E5-27111F2CB40D}.Release|Any CPU.ActiveCfg = Release|x86
		{58BF740B-5F08-42A9-89E5-27111F2CB40D}.Release|Mixed Platforms.ActiveCfg = Release|x86
		{58BF740B-5F08-42A9-89E5-27111F2CB40D}.Release|Mixed Platforms.Build.0 = Release|x86
		{58BF740B-5F08-42A9-89E5-27111F2CB40D}.Release|x86.ActiveCfg = Release|x86
		{58BF740B-5F08-42A9-89E5-27111F2CB40D}.Release|x86.Build.0 = Release|x86
		{723C8019-7DEF-4160-B787-E4795FB20947}.Debug|Any CPU.ActiveCfg = Debug|Any CPU
		{723C8019-7DEF-4160-B787-E4795FB20947}.Debug|Any CPU.Build.0 = Debug|Any CPU
		{723C8019-7DEF-4160-B787-E4795FB20947}.Debug|Mixed Platforms.ActiveCfg = Debug|Any CPU
		{723C8019-7DEF-4160-B787-E4795FB20947}.Debug|Mixed Platforms.Build.0 = Debug|Any CPU
		{723C8019-7DEF-4160-B787-E4795FB20947}.Debug|x86.ActiveCfg = Debug|Any CPU
		{723C8019-7DEF-4160-B787-E4795FB20947}.Debug|x86.Build.0 = Debug|Any CPU
		{723C8019-7DEF-4160-B787-E4795FB20947}.Release|Any CPU.ActiveCfg = Release|Any CPU
		{723C8019-7DEF-4160-B787-E4795FB20947}.Release|Any CPU.Build.0 = Release|Any CPU
		{723C8019-7DEF-4160-B787-E4795FB20947}.Release|Mixed Platforms.ActiveCfg = Release|Any CPU
		{723C8019-7DEF-4160-B787-E4795FB20947}.Release|Mixed Platforms.Build.0 = Release|Any CPU
		{723C8019-7DEF-4160-B787-E4795FB20947}.Release|x86.ActiveCfg = Release|Any CPU
		{723C8019-7DEF-4160-B787-E4795FB20947}.Release|x86.Build.0 = Release|Any CPU
	EndGlobalSection
	GlobalSection(SolutionProperties) = preSolution
		HideSolutionNode = FALSE
	EndGlobalSection
	GlobalSection(TestCaseManagementSettings) = postSolution
		CategoryFile = BackgroundWorkerService.vsmdi
	EndGlobalSection
EndGlobal
