
Microsoft Visual Studio Solution File, Format Version 12.00
# Visual Studio 15
VisualStudioVersion = 15.0.26430.4
MinimumVisualStudioVersion = 10.0.40219.1
Project("{FAE04EC0-301F-11D3-BF4B-00C04F79EFBC}") = "BackgroundWorkerService.Logic", "BackgroundWorkerService.Logic\BackgroundWorkerService.Logic.csproj", "{7444EF73-05EE-41AC-BCD2-410C74421CFC}"
EndProject
Project("{FAE04EC0-301F-11D3-BF4B-00C04F79EFBC}") = "BackgroundWorkerService.Tests", "BackgroundWorkerService.Tests\BackgroundWorkerService.Tests.csproj", "{9EC5C2AD-74CD-44BD-A7B2-D2396312A338}"
EndProject
Project("{FAE04EC0-301F-11D3-BF4B-00C04F79EFBC}") = "BackgroundWorkerService.Jobs", "BackgroundWorkerService.Jobs\BackgroundWorkerService.Jobs.csproj", "{29714011-A3F5-4EC3-A036-D1C7EF62F97C}"
EndProject
Project("{FAE04EC0-301F-11D3-BF4B-00C04F79EFBC}") = "Demo.CallbackTestImpl", "Demo.CallbackTestImpl\Demo.CallbackTestImpl.csproj", "{31AB2928-34BE-441C-956D-E65B769B1B03}"
EndProject
Project("{FAE04EC0-301F-11D3-BF4B-00C04F79EFBC}") = "Demo.CreateJobs", "Demo.CreateJobs\Demo.CreateJobs.csproj", "{58BF740B-5F08-42A9-89E5-27111F2CB40D}"
EndProject
Project("{FAE04EC0-301F-11D3-BF4B-00C04F79EFBC}") = "BackgroundWorkerService.Web.UI", "BackgroundWorkerService.Web.UI\BackgroundWorkerService.Web.UI.csproj", "{723C8019-7DEF-4160-B787-E4795FB20947}"
EndProject
Project("{CC5FD16D-436D-48AD-A40C-5A424C6E3E79}") = "BackgroundWorkerService.Azure", "BackgroundWorkerService.Azure\BackgroundWorkerService.Azure.ccproj", "{D2CC7DBB-9FAD-40AB-9150-305F93AEA40E}"
EndProject
Project("{FAE04EC0-301F-11D3-BF4B-00C04F79EFBC}") = "BackgroundWorkerService.AzureWorker", "BackgroundWorkerService.AzureWorker\BackgroundWorkerService.AzureWorker.csproj", "{4B9C3FE2-B113-4443-8BD6-2C70389150D2}"
EndProject
Project("{FAE04EC0-301F-11D3-BF4B-00C04F79EFBC}") = "BackgroundWorkerService.HostedLogic", "BackgroundWorkerService.HostedLogic\BackgroundWorkerService.HostedLogic.csproj", "{D9F73580-E445-4978-BC8C-0F01FE911DA3}"
EndProject
Project("{2150E333-8FDC-42A3-9474-1A3956D46DE8}") = ".nuget", ".nuget", "{C3DC1241-46BD-4FFA-99F5-7E811B71C0E2}"
	ProjectSection(SolutionItems) = preProject
		.nuget\nuget.config = .nuget\nuget.config
	EndProjectSection
EndProject
Global
	GlobalSection(SolutionConfigurationPlatforms) = preSolution
		Debug|Any CPU = Debug|Any CPU
		Debug|Mixed Platforms = Debug|Mixed Platforms
		Debug|x86 = Debug|x86
		Release|Any CPU = Release|Any CPU
		Release|Mixed Platforms = Release|Mixed Platforms
		Release|x86 = Release|x86
	EndGlobalSection
	GlobalSection(ProjectConfigurationPlatforms) = postSolution
		{7444EF73-05EE-41AC-BCD2-410C74421CFC}.Debug|Any CPU.ActiveCfg = Debug|Any CPU
		{7444EF73-05EE-41AC-BCD2-410C74421CFC}.Debug|Any CPU.Build.0 = Debug|Any CPU
		{7444EF73-05EE-41AC-BCD2-410C74421CFC}.Debug|Mixed Platforms.ActiveCfg = Debug|Any CPU
		{7444EF73-05EE-41AC-BCD2-410C74421CFC}.Debug|Mixed Platforms.Build.0 = Debug|Any CPU
		{7444EF73-05EE-41AC-BCD2-410C74421CFC}.Debug|x86.ActiveCfg = Debug|Any CPU
		{7444EF73-05EE-41AC-BCD2-410C74421CFC}.Debug|x86.Build.0 = Debug|Any CPU
		{7444EF73-05EE-41AC-BCD2-410C74421CFC}.Release|Any CPU.ActiveCfg = Release|Any CPU
		{7444EF73-05EE-41AC-BCD2-410C74421CFC}.Release|Any CPU.Build.0 = Release|Any CPU
		{7444EF73-05EE-41AC-BCD2-410C74421CFC}.Release|Mixed Platforms.ActiveCfg = Release|Any CPU
		{7444EF73-05EE-41AC-BCD2-410C74421CFC}.Release|Mixed Platforms.Build.0 = Release|Any CPU
		{7444EF73-05EE-41AC-BCD2-410C74421CFC}.Release|x86.ActiveCfg = Release|Any CPU
		{7444EF73-05EE-41AC-BCD2-410C74421CFC}.Release|x86.Build.0 = Release|Any CPU
		{9EC5C2AD-74CD-44BD-A7B2-D2396312A338}.Debug|Any CPU.ActiveCfg = Debug|Any CPU
		{9EC5C2AD-74CD-44BD-A7B2-D2396312A338}.Debug|Any CPU.Build.0 = Debug|Any CPU
		{9EC5C2AD-74CD-44BD-A7B2-D2396312A338}.Debug|Mixed Platforms.ActiveCfg = Debug|Any CPU
		{9EC5C2AD-74CD-44BD-A7B2-D2396312A338}.Debug|Mixed Platforms.Build.0 = Debug|Any CPU
		{9EC5C2AD-74CD-44BD-A7B2-D2396312A338}.Debug|x86.ActiveCfg = Debug|Any CPU
		{9EC5C2AD-74CD-44BD-A7B2-D2396312A338}.Debug|x86.Build.0 = Debug|Any CPU
		{9EC5C2AD-74CD-44BD-A7B2-D2396312A338}.Release|Any CPU.ActiveCfg = Release|Any CPU
		{9EC5C2AD-74CD-44BD-A7B2-D2396312A338}.Release|Any CPU.Build.0 = Release|Any CPU
		{9EC5C2AD-74CD-44BD-A7B2-D2396312A338}.Release|Mixed Platforms.ActiveCfg = Release|Any CPU
		{9EC5C2AD-74CD-44BD-A7B2-D2396312A338}.Release|Mixed Platforms.Build.0 = Release|Any CPU
		{9EC5C2AD-74CD-44BD-A7B2-D2396312A338}.Release|x86.ActiveCfg = Release|Any CPU
		{9EC5C2AD-74CD-44BD-A7B2-D2396312A338}.Release|x86.Build.0 = Release|Any CPU
		{29714011-A3F5-4EC3-A036-D1C7EF62F97C}.Debug|Any CPU.ActiveCfg = Debug|Any CPU
		{29714011-A3F5-4EC3-A036-D1C7EF62F97C}.Debug|Any CPU.Build.0 = Debug|Any CPU
		{29714011-A3F5-4EC3-A036-D1C7EF62F97C}.Debug|Mixed Platforms.ActiveCfg = Debug|Any CPU
		{29714011-A3F5-4EC3-A036-D1C7EF62F97C}.Debug|Mixed Platforms.Build.0 = Debug|Any CPU
		{29714011-A3F5-4EC3-A036-D1C7EF62F97C}.Debug|x86.ActiveCfg = Debug|Any CPU
		{29714011-A3F5-4EC3-A036-D1C7EF62F97C}.Debug|x86.Build.0 = Debug|Any CPU
		{29714011-A3F5-4EC3-A036-D1C7EF62F97C}.Release|Any CPU.ActiveCfg = Release|Any CPU
		{29714011-A3F5-4EC3-A036-D1C7EF62F97C}.Release|Any CPU.Build.0 = Release|Any CPU
		{29714011-A3F5-4EC3-A036-D1C7EF62F97C}.Release|Mixed Platforms.ActiveCfg = Release|Any CPU
		{29714011-A3F5-4EC3-A036-D1C7EF62F97C}.Release|Mixed Platforms.Build.0 = Release|Any CPU
		{29714011-A3F5-4EC3-A036-D1C7EF62F97C}.Release|x86.ActiveCfg = Release|Any CPU
		{29714011-A3F5-4EC3-A036-D1C7EF62F97C}.Release|x86.Build.0 = Release|Any CPU
		{31AB2928-34BE-441C-956D-E65B769B1B03}.Debug|Any CPU.ActiveCfg = Debug|Any CPU
		{31AB2928-34BE-441C-956D-E65B769B1B03}.Debug|Any CPU.Build.0 = Debug|Any CPU
		{31AB2928-34BE-441C-956D-E65B769B1B03}.Debug|Mixed Platforms.ActiveCfg = Debug|Any CPU
		{31AB2928-34BE-441C-956D-E65B769B1B03}.Debug|Mixed Platforms.Build.0 = Debug|Any CPU
		{31AB2928-34BE-441C-956D-E65B769B1B03}.Debug|x86.ActiveCfg = Debug|Any CPU
		{31AB2928-34BE-441C-956D-E65B769B1B03}.Debug|x86.Build.0 = Debug|Any CPU
		{31AB2928-34BE-441C-956D-E65B769B1B03}.Release|Any CPU.ActiveCfg = Release|Any CPU
		{31AB2928-34BE-441C-956D-E65B769B1B03}.Release|Any CPU.Build.0 = Release|Any CPU
		{31AB2928-34BE-441C-956D-E65B769B1B03}.Release|Mixed Platforms.ActiveCfg = Release|Any CPU
		{31AB2928-34BE-441C-956D-E65B769B1B03}.Release|Mixed Platforms.Build.0 = Release|Any CPU
		{31AB2928-34BE-441C-956D-E65B769B1B03}.Release|x86.ActiveCfg = Release|Any CPU
		{31AB2928-34BE-441C-956D-E65B769B1B03}.Release|x86.Build.0 = Release|Any CPU
		{58BF740B-5F08-42A9-89E5-27111F2CB40D}.Debug|Any CPU.ActiveCfg = Debug|x86
		{58BF740B-5F08-42A9-89E5-27111F2CB40D}.Debug|Mixed Platforms.ActiveCfg = Debug|x86
		{58BF740B-5F08-42A9-89E5-27111F2CB40D}.Debug|Mixed Platforms.Build.0 = Debug|x86
		{58BF740B-5F08-42A9-89E5-27111F2CB40D}.Debug|x86.ActiveCfg = Debug|x86
		{58BF740B-5F08-42A9-89E5-27111F2CB40D}.Debug|x86.Build.0 = Debug|x86
		{58BF740B-5F08-42A9-89E5-27111F2CB40D}.Release|Any CPU.ActiveCfg = Release|x86
		{58BF740B-5F08-42A9-89E5-27111F2CB40D}.Release|Mixed Platforms.ActiveCfg = Release|x86
		{58BF740B-5F08-42A9-89E5-27111F2CB40D}.Release|Mixed Platforms.Build.0 = Release|x86
		{58BF740B-5F08-42A9-89E5-27111F2CB40D}.Release|x86.ActiveCfg = Release|x86
		{58BF740B-5F08-42A9-89E5-27111F2CB40D}.Release|x86.Build.0 = Release|x86
		{723C8019-7DEF-4160-B787-E4795FB20947}.Debug|Any CPU.ActiveCfg = Debug|Any CPU
		{723C8019-7DEF-4160-B787-E4795FB20947}.Debug|Any CPU.Build.0 = Debug|Any CPU
		{723C8019-7DEF-4160-B787-E4795FB20947}.Debug|Mixed Platforms.ActiveCfg = Debug|Any CPU
		{723C8019-7DEF-4160-B787-E4795FB20947}.Debug|Mixed Platforms.Build.0 = Debug|Any CPU
		{723C8019-7DEF-4160-B787-E4795FB20947}.Debug|x86.ActiveCfg = Debug|Any CPU
		{723C8019-7DEF-4160-B787-E4795FB20947}.Debug|x86.Build.0 = Debug|Any CPU
		{723C8019-7DEF-4160-B787-E4795FB20947}.Release|Any CPU.ActiveCfg = Release|Any CPU
		{723C8019-7DEF-4160-B787-E4795FB20947}.Release|Any CPU.Build.0 = Release|Any CPU
		{723C8019-7DEF-4160-B787-E4795FB20947}.Release|Mixed Platforms.ActiveCfg = Release|Any CPU
		{723C8019-7DEF-4160-B787-E4795FB20947}.Release|Mixed Platforms.Build.0 = Release|Any CPU
		{723C8019-7DEF-4160-B787-E4795FB20947}.Release|x86.ActiveCfg = Release|Any CPU
		{723C8019-7DEF-4160-B787-E4795FB20947}.Release|x86.Build.0 = Release|Any CPU
		{D2CC7DBB-9FAD-40AB-9150-305F93AEA40E}.Debug|Any CPU.ActiveCfg = Debug|Any CPU
		{D2CC7DBB-9FAD-40AB-9150-305F93AEA40E}.Debug|Any CPU.Build.0 = Debug|Any CPU
		{D2CC7DBB-9FAD-40AB-9150-305F93AEA40E}.Debug|Mixed Platforms.ActiveCfg = Debug|Any CPU
		{D2CC7DBB-9FAD-40AB-9150-305F93AEA40E}.Debug|Mixed Platforms.Build.0 = Debug|Any CPU
		{D2CC7DBB-9FAD-40AB-9150-305F93AEA40E}.Debug|x86.ActiveCfg = Debug|Any CPU
		{D2CC7DBB-9FAD-40AB-9150-305F93AEA40E}.Release|Any CPU.ActiveCfg = Release|Any CPU
		{D2CC7DBB-9FAD-40AB-9150-305F93AEA40E}.Release|Any CPU.Build.0 = Release|Any CPU
		{D2CC7DBB-9FAD-40AB-9150-305F93AEA40E}.Release|Mixed Platforms.ActiveCfg = Release|Any CPU
		{D2CC7DBB-9FAD-40AB-9150-305F93AEA40E}.Release|Mixed Platforms.Build.0 = Release|Any CPU
		{D2CC7DBB-9FAD-40AB-9150-305F93AEA40E}.Release|x86.ActiveCfg = Release|Any CPU
		{4B9C3FE2-B113-4443-8BD6-2C70389150D2}.Debug|Any CPU.ActiveCfg = Debug|Any CPU
		{4B9C3FE2-B113-4443-8BD6-2C70389150D2}.Debug|Any CPU.Build.0 = Debug|Any CPU
		{4B9C3FE2-B113-4443-8BD6-2C70389150D2}.Debug|Mixed Platforms.ActiveCfg = Debug|x64
		{4B9C3FE2-B113-4443-8BD6-2C70389150D2}.Debug|Mixed Platforms.Build.0 = Debug|x64
		{4B9C3FE2-B113-4443-8BD6-2C70389150D2}.Debug|x86.ActiveCfg = Debug|x86
		{4B9C3FE2-B113-4443-8BD6-2C70389150D2}.Debug|x86.Build.0 = Debug|x86
		{4B9C3FE2-B113-4443-8BD6-2C70389150D2}.Release|Any CPU.ActiveCfg = Release|Any CPU
		{4B9C3FE2-B113-4443-8BD6-2C70389150D2}.Release|Any CPU.Build.0 = Release|Any CPU
		{4B9C3FE2-B113-4443-8BD6-2C70389150D2}.Release|Mixed Platforms.ActiveCfg = Release|x64
		{4B9C3FE2-B113-4443-8BD6-2C70389150D2}.Release|Mixed Platforms.Build.0 = Release|x64
		{4B9C3FE2-B113-4443-8BD6-2C70389150D2}.Release|x86.ActiveCfg = Release|Any CPU
		{D9F73580-E445-4978-BC8C-0F01FE911DA3}.Debug|Any CPU.ActiveCfg = Debug|Any CPU
		{D9F73580-E445-4978-BC8C-0F01FE911DA3}.Debug|Any CPU.Build.0 = Debug|Any CPU
		{D9F73580-E445-4978-BC8C-0F01FE911DA3}.Debug|Mixed Platforms.ActiveCfg = Debug|Any CPU
		{D9F73580-E445-4978-BC8C-0F01FE911DA3}.Debug|Mixed Platforms.Build.0 = Debug|Any CPU
		{D9F73580-E445-4978-BC8C-0F01FE911DA3}.Debug|x86.ActiveCfg = Debug|Any CPU
		{D9F73580-E445-4978-BC8C-0F01FE911DA3}.Debug|x86.Build.0 = Debug|Any CPU
		{D9F73580-E445-4978-BC8C-0F01FE911DA3}.Release|Any CPU.ActiveCfg = Release|Any CPU
		{D9F73580-E445-4978-BC8C-0F01FE911DA3}.Release|Any CPU.Build.0 = Release|Any CPU
		{D9F73580-E445-4978-BC8C-0F01FE911DA3}.Release|Mixed Platforms.ActiveCfg = Release|Any CPU
		{D9F73580-E445-4978-BC8C-0F01FE911DA3}.Release|Mixed Platforms.Build.0 = Release|Any CPU
		{D9F73580-E445-4978-BC8C-0F01FE911DA3}.Release|x86.ActiveCfg = Release|Any CPU
	EndGlobalSection
	GlobalSection(SolutionProperties) = preSolution
		HideSolutionNode = FALSE
	EndGlobalSection
	GlobalSection(TestCaseManagementSettings) = postSolution
		CategoryFile = BackgroundWorkerService.vsmdi
	EndGlobalSection
EndGlobal
